
Microsoft Visual Studio Solution File, Format Version 12.00
# Visual Studio 15
VisualStudioVersion = 15.0.26730.16
MinimumVisualStudioVersion = 10.0.40219.1
Project("{FAE04EC0-301F-11D3-BF4B-00C04F79EFBC}") = "lab4", "lab4\lab4.csproj", "{C470EF4F-0DCD-410A-9873-599AD58625A0}"
EndProject
Global
	GlobalSection(SolutionConfigurationPlatforms) = preSolution
		Debug|Any CPU = Debug|Any CPU
		Release|Any CPU = Release|Any CPU
	EndGlobalSection
	GlobalSection(ProjectConfigurationPlatforms) = postSolution
		{C470EF4F-0DCD-410A-9873-599AD58625A0}.Debug|Any CPU.ActiveCfg = Debug|Any CPU
		{C470EF4F-0DCD-410A-9873-599AD58625A0}.Debug|Any CPU.Build.0 = Debug|Any CPU
		{C470EF4F-0DCD-410A-9873-599AD58625A0}.Release|Any CPU.ActiveCfg = Release|Any CPU
		{C470EF4F-0DCD-410A-9873-599AD58625A0}.Release|Any CPU.Build.0 = Release|Any CPU
	EndGlobalSection
	GlobalSection(SolutionProperties) = preSolution
		HideSolutionNode = FALSE
	EndGlobalSection
	GlobalSection(ExtensibilityGlobals) = postSolution
		SolutionGuid = {41C11585-6994-47EB-8E6E-C5C4D8D8F927}
	EndGlobalSection
EndGlobal
